
Microsoft Visual Studio Solution File, Format Version 12.00
# Visual Studio 15
VisualStudioVersion = 15.0.27130.2010
MinimumVisualStudioVersion = 10.0.40219.1
Project("{FAE04EC0-301F-11D3-BF4B-00C04F79EFBC}") = "TrainRideDemo.Domain", "TrainRideDemo.Domain\TrainRideDemo.Domain.csproj", "{4AD74980-A05F-4A5E-8BF2-852A0E7CE711}"
EndProject
Project("{FAE04EC0-301F-11D3-BF4B-00C04F79EFBC}") = "TrainRideDemo.Data", "TrainRideDemo.Data\TrainRideDemo.Data.csproj", "{722B1613-46B5-4F09-AFB5-D0CF7E231FDF}"
EndProject
Project("{FAE04EC0-301F-11D3-BF4B-00C04F79EFBC}") = "TrainRideDemo.Tests", "TrainRideDemo.Tests\TrainRideDemo.Tests.csproj", "{06746FF7-797B-4ADC-88FB-68FC25E5FF25}"
EndProject
Project("{FAE04EC0-301F-11D3-BF4B-00C04F79EFBC}") = "TrainDemo.MVC", "TrainDemo.MVC\TrainDemo.MVC.csproj", "{8314EB5A-B94A-48DB-A449-5B88FD7761CE}"
EndProject
Project("{FAE04EC0-301F-11D3-BF4B-00C04F79EFBC}") = "TrainDemo.MVC.Tests", "TrainDemo.MVC.Tests\TrainDemo.MVC.Tests.csproj", "{092337A7-2600-475D-8C31-742F92DE8149}"
EndProject
Global
	GlobalSection(SolutionConfigurationPlatforms) = preSolution
		Debug|Any CPU = Debug|Any CPU
		Release|Any CPU = Release|Any CPU
	EndGlobalSection
	GlobalSection(ProjectConfigurationPlatforms) = postSolution
		{4AD74980-A05F-4A5E-8BF2-852A0E7CE711}.Debug|Any CPU.ActiveCfg = Debug|Any CPU
		{4AD74980-A05F-4A5E-8BF2-852A0E7CE711}.Debug|Any CPU.Build.0 = Debug|Any CPU
		{4AD74980-A05F-4A5E-8BF2-852A0E7CE711}.Release|Any CPU.ActiveCfg = Release|Any CPU
		{4AD74980-A05F-4A5E-8BF2-852A0E7CE711}.Release|Any CPU.Build.0 = Release|Any CPU
		{722B1613-46B5-4F09-AFB5-D0CF7E231FDF}.Debug|Any CPU.ActiveCfg = Debug|Any CPU
		{722B1613-46B5-4F09-AFB5-D0CF7E231FDF}.Debug|Any CPU.Build.0 = Debug|Any CPU
		{722B1613-46B5-4F09-AFB5-D0CF7E231FDF}.Release|Any CPU.ActiveCfg = Release|Any CPU
		{722B1613-46B5-4F09-AFB5-D0CF7E231FDF}.Release|Any CPU.Build.0 = Release|Any CPU
		{06746FF7-797B-4ADC-88FB-68FC25E5FF25}.Debug|Any CPU.ActiveCfg = Debug|Any CPU
		{06746FF7-797B-4ADC-88FB-68FC25E5FF25}.Debug|Any CPU.Build.0 = Debug|Any CPU
		{06746FF7-797B-4ADC-88FB-68FC25E5FF25}.Release|Any CPU.ActiveCfg = Release|Any CPU
		{06746FF7-797B-4ADC-88FB-68FC25E5FF25}.Release|Any CPU.Build.0 = Release|Any CPU
		{8314EB5A-B94A-48DB-A449-5B88FD7761CE}.Debug|Any CPU.ActiveCfg = Debug|Any CPU
		{8314EB5A-B94A-48DB-A449-5B88FD7761CE}.Debug|Any CPU.Build.0 = Debug|Any CPU
		{8314EB5A-B94A-48DB-A449-5B88FD7761CE}.Release|Any CPU.ActiveCfg = Release|Any CPU
		{8314EB5A-B94A-48DB-A449-5B88FD7761CE}.Release|Any CPU.Build.0 = Release|Any CPU
		{092337A7-2600-475D-8C31-742F92DE8149}.Debug|Any CPU.ActiveCfg = Debug|Any CPU
		{092337A7-2600-475D-8C31-742F92DE8149}.Debug|Any CPU.Build.0 = Debug|Any CPU
		{092337A7-2600-475D-8C31-742F92DE8149}.Release|Any CPU.ActiveCfg = Release|Any CPU
		{092337A7-2600-475D-8C31-742F92DE8149}.Release|Any CPU.Build.0 = Release|Any CPU
	EndGlobalSection
	GlobalSection(SolutionProperties) = preSolution
		HideSolutionNode = FALSE
	EndGlobalSection
	GlobalSection(ExtensibilityGlobals) = postSolution
		SolutionGuid = {064E17ED-3199-4880-98C6-1BA1F719787B}
	EndGlobalSection
EndGlobal
